
Microsoft Visual Studio Solution File, Format Version 12.00
# Visual Studio 15
VisualStudioVersion = 15.0.27130.2036
MinimumVisualStudioVersion = 10.0.40219.1
Project("{FAE04EC0-301F-11D3-BF4B-00C04F79EFBC}") = "Echo", "Echo\Echo.csproj", "{96B7557D-5837-4790-B4A2-B315C806559F}"
EndProject
Global
	GlobalSection(SolutionConfigurationPlatforms) = preSolution
		Debug|Any CPU = Debug|Any CPU
		Release|Any CPU = Release|Any CPU
	EndGlobalSection
	GlobalSection(ProjectConfigurationPlatforms) = postSolution
		{96B7557D-5837-4790-B4A2-B315C806559F}.Debug|Any CPU.ActiveCfg = Debug|Any CPU
		{96B7557D-5837-4790-B4A2-B315C806559F}.Debug|Any CPU.Build.0 = Debug|Any CPU
		{96B7557D-5837-4790-B4A2-B315C806559F}.Release|Any CPU.ActiveCfg = Release|Any CPU
		{96B7557D-5837-4790-B4A2-B315C806559F}.Release|Any CPU.Build.0 = Release|Any CPU
	EndGlobalSection
	GlobalSection(SolutionProperties) = preSolution
		HideSolutionNode = FALSE
	EndGlobalSection
	GlobalSection(ExtensibilityGlobals) = postSolution
		SolutionGuid = {66BE1F4E-6F44-4466-AB37-7A657CA408B1}
	EndGlobalSection
EndGlobal
